
Microsoft Visual Studio Solution File, Format Version 12.00
# Visual Studio Version 17
VisualStudioVersion = 17.0.32112.339
MinimumVisualStudioVersion = 10.0.40219.1
Project("{8BC9CEB8-8B4A-11D0-8D11-00A0C91BC942}") = "odyssey-mw3", "odyssey-mw3\odyssey-mw3.vcxproj", "{88B8244E-71E1-453F-9FC7-386CA654BEFD}"
	ProjectSection(ProjectDependencies) = postProject
		{2347B788-0A76-49C8-88BC-5D1A9D88B4A8} = {2347B788-0A76-49C8-88BC-5D1A9D88B4A8}
	EndProjectSection
EndProject
Project("{8BC9CEB8-8B4A-11D0-8D11-00A0C91BC942}") = "odyssey-mw2", "odyssey-mw2\odyssey-mw2.vcxproj", "{846D2022-7BEE-4F6E-AFFC-189D2B05FDAD}"
	ProjectSection(ProjectDependencies) = postProject
		{2347B788-0A76-49C8-88BC-5D1A9D88B4A8} = {2347B788-0A76-49C8-88BC-5D1A9D88B4A8}
	EndProjectSection
EndProject
Project("{8BC9CEB8-8B4A-11D0-8D11-00A0C91BC942}") = "libpsutil", "dep\libpsutil\libpsutil\libpsutil.vcxproj", "{2347B788-0A76-49C8-88BC-5D1A9D88B4A8}"
EndProject
Project("{8BC9CEB8-8B4A-11D0-8D11-00A0C91BC942}") = "odyssey-bo2", "odyssey-bo2\odyssey-bo2.vcxproj", "{45463C80-423D-4884-B286-3ADDB21E4F6C}"
	ProjectSection(ProjectDependencies) = postProject
		{2347B788-0A76-49C8-88BC-5D1A9D88B4A8} = {2347B788-0A76-49C8-88BC-5D1A9D88B4A8}
	EndProjectSection
EndProject
Project("{8BC9CEB8-8B4A-11D0-8D11-00A0C91BC942}") = "odyssey-bo3", "odyssey-bo3\odyssey-bo3.vcxproj", "{23742531-354A-49F7-AA47-ECB8BE9999DF}"
	ProjectSection(ProjectDependencies) = postProject
		{2347B788-0A76-49C8-88BC-5D1A9D88B4A8} = {2347B788-0A76-49C8-88BC-5D1A9D88B4A8}
	EndProjectSection
EndProject
Global
	GlobalSection(SolutionConfigurationPlatforms) = preSolution
		BO2-Debug|PS3 = BO2-Debug|PS3
		BO2-Release|PS3 = BO2-Release|PS3
		BO3-Debug|PS3 = BO3-Debug|PS3
		BO3-Release|PS3 = BO3-Release|PS3
		MW2-Debug|PS3 = MW2-Debug|PS3
		MW2-Release|PS3 = MW2-Release|PS3
		MW3-Debug|PS3 = MW3-Debug|PS3
		MW3-Release|PS3 = MW3-Release|PS3
	EndGlobalSection
	GlobalSection(ProjectConfigurationPlatforms) = postSolution
		{88B8244E-71E1-453F-9FC7-386CA654BEFD}.BO2-Debug|PS3.ActiveCfg = BO2-Debug|PS3
		{88B8244E-71E1-453F-9FC7-386CA654BEFD}.BO2-Release|PS3.ActiveCfg = BO2-Release|PS3
		{88B8244E-71E1-453F-9FC7-386CA654BEFD}.BO3-Debug|PS3.ActiveCfg = BO3-Debug|PS3
		{88B8244E-71E1-453F-9FC7-386CA654BEFD}.BO3-Release|PS3.ActiveCfg = BO3-Release|PS3
		{88B8244E-71E1-453F-9FC7-386CA654BEFD}.MW2-Debug|PS3.ActiveCfg = MW3-Debug|PS3
		{88B8244E-71E1-453F-9FC7-386CA654BEFD}.MW2-Release|PS3.ActiveCfg = MW3-Debug|PS3
		{88B8244E-71E1-453F-9FC7-386CA654BEFD}.MW3-Debug|PS3.ActiveCfg = MW3-Debug|PS3
		{88B8244E-71E1-453F-9FC7-386CA654BEFD}.MW3-Debug|PS3.Build.0 = MW3-Debug|PS3
		{88B8244E-71E1-453F-9FC7-386CA654BEFD}.MW3-Release|PS3.ActiveCfg = MW3-Release|PS3
		{88B8244E-71E1-453F-9FC7-386CA654BEFD}.MW3-Release|PS3.Build.0 = MW3-Release|PS3
		{846D2022-7BEE-4F6E-AFFC-189D2B05FDAD}.BO2-Debug|PS3.ActiveCfg = BO2-Debug|PS3
		{846D2022-7BEE-4F6E-AFFC-189D2B05FDAD}.BO2-Release|PS3.ActiveCfg = BO2-Release|PS3
		{846D2022-7BEE-4F6E-AFFC-189D2B05FDAD}.BO3-Debug|PS3.ActiveCfg = BO3-Debug|PS3
		{846D2022-7BEE-4F6E-AFFC-189D2B05FDAD}.BO3-Release|PS3.ActiveCfg = BO3-Release|PS3
		{846D2022-7BEE-4F6E-AFFC-189D2B05FDAD}.MW2-Debug|PS3.ActiveCfg = MW2-Debug|PS3
		{846D2022-7BEE-4F6E-AFFC-189D2B05FDAD}.MW2-Debug|PS3.Build.0 = MW2-Debug|PS3
		{846D2022-7BEE-4F6E-AFFC-189D2B05FDAD}.MW2-Release|PS3.ActiveCfg = MW2-Release|PS3
		{846D2022-7BEE-4F6E-AFFC-189D2B05FDAD}.MW2-Release|PS3.Build.0 = MW2-Release|PS3
		{846D2022-7BEE-4F6E-AFFC-189D2B05FDAD}.MW3-Debug|PS3.ActiveCfg = MW3-Debug|PS3
		{846D2022-7BEE-4F6E-AFFC-189D2B05FDAD}.MW3-Release|PS3.ActiveCfg = MW3-Release|PS3
		{2347B788-0A76-49C8-88BC-5D1A9D88B4A8}.BO2-Debug|PS3.ActiveCfg = Release|PS3
		{2347B788-0A76-49C8-88BC-5D1A9D88B4A8}.BO2-Debug|PS3.Build.0 = Release|PS3
		{2347B788-0A76-49C8-88BC-5D1A9D88B4A8}.BO2-Release|PS3.ActiveCfg = Release|PS3
		{2347B788-0A76-49C8-88BC-5D1A9D88B4A8}.BO2-Release|PS3.Build.0 = Release|PS3
		{2347B788-0A76-49C8-88BC-5D1A9D88B4A8}.BO3-Debug|PS3.ActiveCfg = BO3-Debug|PS3
		{2347B788-0A76-49C8-88BC-5D1A9D88B4A8}.BO3-Debug|PS3.Build.0 = BO3-Debug|PS3
		{2347B788-0A76-49C8-88BC-5D1A9D88B4A8}.BO3-Release|PS3.ActiveCfg = BO3-Release|PS3
		{2347B788-0A76-49C8-88BC-5D1A9D88B4A8}.BO3-Release|PS3.Build.0 = BO3-Release|PS3
		{2347B788-0A76-49C8-88BC-5D1A9D88B4A8}.MW2-Debug|PS3.ActiveCfg = Release|PS3
		{2347B788-0A76-49C8-88BC-5D1A9D88B4A8}.MW2-Debug|PS3.Build.0 = Release|PS3
		{2347B788-0A76-49C8-88BC-5D1A9D88B4A8}.MW2-Release|PS3.ActiveCfg = Release|PS3
		{2347B788-0A76-49C8-88BC-5D1A9D88B4A8}.MW2-Release|PS3.Build.0 = Release|PS3
		{2347B788-0A76-49C8-88BC-5D1A9D88B4A8}.MW3-Debug|PS3.ActiveCfg = Release|PS3
		{2347B788-0A76-49C8-88BC-5D1A9D88B4A8}.MW3-Debug|PS3.Build.0 = Release|PS3
		{2347B788-0A76-49C8-88BC-5D1A9D88B4A8}.MW3-Release|PS3.ActiveCfg = Release|PS3
		{2347B788-0A76-49C8-88BC-5D1A9D88B4A8}.MW3-Release|PS3.Build.0 = Release|PS3
		{45463C80-423D-4884-B286-3ADDB21E4F6C}.BO2-Debug|PS3.ActiveCfg = BO2-Debug|PS3
		{45463C80-423D-4884-B286-3ADDB21E4F6C}.BO2-Debug|PS3.Build.0 = BO2-Debug|PS3
		{45463C80-423D-4884-B286-3ADDB21E4F6C}.BO2-Release|PS3.ActiveCfg = BO2-Release|PS3
		{45463C80-423D-4884-B286-3ADDB21E4F6C}.BO2-Release|PS3.Build.0 = BO2-Release|PS3
		{45463C80-423D-4884-B286-3ADDB21E4F6C}.BO3-Debug|PS3.ActiveCfg = BO3-Debug|PS3
		{45463C80-423D-4884-B286-3ADDB21E4F6C}.BO3-Release|PS3.ActiveCfg = BO3-Release|PS3
		{45463C80-423D-4884-B286-3ADDB21E4F6C}.MW2-Debug|PS3.ActiveCfg = BO2-Debug|PS3
		{45463C80-423D-4884-B286-3ADDB21E4F6C}.MW2-Release|PS3.ActiveCfg = MW2-Release|PS3
		{45463C80-423D-4884-B286-3ADDB21E4F6C}.MW3-Debug|PS3.ActiveCfg = MW3-Debug|PS3
		{45463C80-423D-4884-B286-3ADDB21E4F6C}.MW3-Release|PS3.ActiveCfg = MW3-Release|PS3
		{23742531-354A-49F7-AA47-ECB8BE9999DF}.BO2-Debug|PS3.ActiveCfg = BO2-Debug|PS3
		{23742531-354A-49F7-AA47-ECB8BE9999DF}.BO2-Release|PS3.ActiveCfg = BO2-Release|PS3
		{23742531-354A-49F7-AA47-ECB8BE9999DF}.BO3-Debug|PS3.ActiveCfg = BO3-Debug|PS3
		{23742531-354A-49F7-AA47-ECB8BE9999DF}.BO3-Debug|PS3.Build.0 = BO3-Debug|PS3
		{23742531-354A-49F7-AA47-ECB8BE9999DF}.BO3-Release|PS3.ActiveCfg = BO3-Release|PS3
		{23742531-354A-49F7-AA47-ECB8BE9999DF}.BO3-Release|PS3.Build.0 = BO3-Release|PS3
		{23742531-354A-49F7-AA47-ECB8BE9999DF}.MW2-Debug|PS3.ActiveCfg = BO3-Debug|PS3
		{23742531-354A-49F7-AA47-ECB8BE9999DF}.MW2-Release|PS3.ActiveCfg = MW2-Release|PS3
		{23742531-354A-49F7-AA47-ECB8BE9999DF}.MW3-Debug|PS3.ActiveCfg = MW3-Debug|PS3
		{23742531-354A-49F7-AA47-ECB8BE9999DF}.MW3-Release|PS3.ActiveCfg = MW3-Release|PS3
	EndGlobalSection
	GlobalSection(SolutionProperties) = preSolution
		HideSolutionNode = FALSE
	EndGlobalSection
	GlobalSection(ExtensibilityGlobals) = postSolution
		SolutionGuid = {09B76A2B-6053-47E1-A4EC-2AF89B515E86}
	EndGlobalSection
EndGlobal
