<?xml version="1.0" encoding="utf-8"?>
<Project ToolsVersion="12.0" xmlns="http://schemas.microsoft.com/developer/msbuild/2003">
  <ItemGroup>
    <Filter Include="src">
      <UniqueIdentifier>{ec20e70b-891f-40ee-8ac7-5f2dcc5fe8c7}</UniqueIdentifier>
    </Filter>
    <Filter Include="src\utilities">
      <UniqueIdentifier>{6f4fdb18-6301-4fcb-82b6-d54f4025a24d}</UniqueIdentifier>
    </Filter>
    <Filter Include="src\iw4">
      <UniqueIdentifier>{903b7ef3-a89d-4928-88f4-e68fc0af0a57}</UniqueIdentifier>
    </Filter>
    <Filter Include="src\iw4\features">
      <UniqueIdentifier>{e5cc460c-3f1c-4271-a4e4-ce4f1ec86443}</UniqueIdentifier>
    </Filter>
    <Filter Include="src\iw4\features\aimbot">
      <UniqueIdentifier>{646a1627-0e7c-4303-a627-08b80b375420}</UniqueIdentifier>
    </Filter>
    <Filter Include="src\iw4\features\aimbot\hooks">
      <UniqueIdentifier>{ec126a96-6eb8-4d88-b098-1366dcc5c4b8}</UniqueIdentifier>
    </Filter>
    <Filter Include="src\iw4\features\esp">
      <UniqueIdentifier>{90e0d68c-465a-427a-b5d0-47455b591cf8}</UniqueIdentifier>
    </Filter>
    <Filter Include="src\iw4\features\antiaim">
      <UniqueIdentifier>{e06c94af-8f35-4b10-9719-7685c7e75dea}</UniqueIdentifier>
    </Filter>
    <Filter Include="src\iw4\features\antiaim\hooks">
      <UniqueIdentifier>{c18acf37-6735-44c5-b5bd-0bdd9b807561}</UniqueIdentifier>
    </Filter>
    <Filter Include="src\iw4\game">
      <UniqueIdentifier>{3f30bb9b-d4c1-4123-8521-85f5ca194265}</UniqueIdentifier>
    </Filter>
    <Filter Include="src\iw4\game\structures">
      <UniqueIdentifier>{fff000a3-fcf3-479a-a564-e972ed2b2d02}</UniqueIdentifier>
    </Filter>
    <Filter Include="src\iw4\interface">
      <UniqueIdentifier>{e74e3aaf-4bec-45a6-a112-de456a2ad547}</UniqueIdentifier>
    </Filter>
    <Filter Include="src\iw4\interface\render">
      <UniqueIdentifier>{ea52c664-547d-44f8-9cc1-86ca255ee2de}</UniqueIdentifier>
    </Filter>
    <Filter Include="src\iw4\interface\render\sauce">
      <UniqueIdentifier>{870aae5a-909b-4947-b272-53bef5f0be22}</UniqueIdentifier>
    </Filter>
    <Filter Include="src\iw4\interface\render\render types">
      <UniqueIdentifier>{e222d02f-c4c4-4ffb-a3d1-e3e9fc9555f3}</UniqueIdentifier>
    </Filter>
    <Filter Include="src\iw4\interface\options">
      <UniqueIdentifier>{704667e5-4e96-4d78-9159-d7249bf20082}</UniqueIdentifier>
    </Filter>
    <Filter Include="src\iw4\interface\windows">
      <UniqueIdentifier>{b75f042b-71ec-4d37-9c56-144de08ff65c}</UniqueIdentifier>
    </Filter>
  </ItemGroup>
  <ItemGroup>
    <ClCompile Include="prx.cpp">
      <Filter>src</Filter>
    </ClCompile>
    <ClCompile Include="stdafx.cpp">
      <Filter>src</Filter>
    </ClCompile>
    <ClCompile Include="animation.cpp">
      <Filter>src\utilities</Filter>
    </ClCompile>
    <ClCompile Include="audio.cpp">
      <Filter>src\utilities</Filter>
    </ClCompile>
    <ClCompile Include="color.cpp">
      <Filter>src\utilities</Filter>
    </ClCompile>
    <ClCompile Include="scheduler.cpp">
      <Filter>src\utilities</Filter>
    </ClCompile>
    <ClCompile Include="aimbot.cpp">
      <Filter>src\iw4\features\aimbot</Filter>
    </ClCompile>
    <ClCompile Include="esp.cpp">
      <Filter>src\iw4\features\esp</Filter>
    </ClCompile>
    <ClCompile Include="antiaim.cpp">
      <Filter>src\iw4\features\antiaim</Filter>
    </ClCompile>
    <ClCompile Include="functions.cpp">
      <Filter>src\iw4\game</Filter>
    </ClCompile>
    <ClCompile Include="build.cpp">
      <Filter>src\iw4\interface</Filter>
    </ClCompile>
    <ClCompile Include="menu.cpp">
      <Filter>src\iw4\interface</Filter>
    </ClCompile>
    <ClCompile Include="graphics.cpp">
      <Filter>src\iw4\interface\render</Filter>
    </ClCompile>
    <ClCompile Include="keyboard.cpp">
      <Filter>src\iw4\interface\render</Filter>
    </ClCompile>
    <ClCompile Include="logging.cpp">
      <Filter>src\iw4\interface\render</Filter>
    </ClCompile>
    <ClCompile Include="gcm.cpp">
      <Filter>src\iw4\interface\render\sauce</Filter>
    </ClCompile>
    <ClCompile Include="engine.cpp">
      <Filter>src\iw4\interface\render\sauce</Filter>
    </ClCompile>
    <ClCompile Include="checkbox.cpp">
      <Filter>src\iw4\interface\render\render types</Filter>
    </ClCompile>
    <ClCompile Include="colorpicker.cpp">
      <Filter>src\iw4\interface\render\render types</Filter>
    </ClCompile>
    <ClCompile Include="divider.cpp">
      <Filter>src\iw4\interface\render\render types</Filter>
    </ClCompile>
    <ClCompile Include="label.cpp">
      <Filter>src\iw4\interface\render\render types</Filter>
    </ClCompile>
    <ClCompile Include="list.cpp">
      <Filter>src\iw4\interface\render\render types</Filter>
    </ClCompile>
    <ClCompile Include="slider.cpp">
      <Filter>src\iw4\interface\render\render types</Filter>
    </ClCompile>
    <ClCompile Include="submenu.cpp">
      <Filter>src\iw4\interface\render\render types</Filter>
    </ClCompile>
    <ClCompile Include="menu_checkbox.cpp">
      <Filter>src\iw4\interface\options</Filter>
    </ClCompile>
    <ClCompile Include="menu_colorpicker.cpp">
      <Filter>src\iw4\interface\options</Filter>
    </ClCompile>
    <ClCompile Include="menu_divider.cpp">
      <Filter>src\iw4\interface\options</Filter>
    </ClCompile>
    <ClCompile Include="menu_label.cpp">
      <Filter>src\iw4\interface\options</Filter>
    </ClCompile>
    <ClCompile Include="menu_list.cpp">
      <Filter>src\iw4\interface\options</Filter>
    </ClCompile>
    <ClCompile Include="menu_slider.cpp">
      <Filter>src\iw4\interface\options</Filter>
    </ClCompile>
    <ClCompile Include="menu_submenu.cpp">
      <Filter>src\iw4\interface\options</Filter>
    </ClCompile>
    <ClCompile Include="material_window.cpp">
      <Filter>src\iw4\interface\windows</Filter>
    </ClCompile>
    <ClCompile Include="..\odyssey-bo2\dvar_window.cpp">
      <Filter>src\iw4\interface\windows</Filter>
    </ClCompile>
  </ItemGroup>
  <ItemGroup>
    <ClInclude Include="stdafx.h">
      <Filter>src</Filter>
    </ClInclude>
    <ClInclude Include="animation.h">
      <Filter>src\utilities</Filter>
    </ClInclude>
    <ClInclude Include="audio.h">
      <Filter>src\utilities</Filter>
    </ClInclude>
    <ClInclude Include="color.h">
      <Filter>src\utilities</Filter>
    </ClInclude>
    <ClInclude Include="easing.h">
      <Filter>src\utilities</Filter>
    </ClInclude>
    <ClInclude Include="scheduler.h">
      <Filter>src\utilities</Filter>
    </ClInclude>
    <ClInclude Include="aimbot.h">
      <Filter>src\iw4\features\aimbot</Filter>
    </ClInclude>
    <ClInclude Include="esp.h">
      <Filter>src\iw4\features\esp</Filter>
    </ClInclude>
    <ClInclude Include="antiaim.h">
      <Filter>src\iw4\features\antiaim</Filter>
    </ClInclude>
    <ClInclude Include="functions.h">
      <Filter>src\iw4\game</Filter>
    </ClInclude>
    <ClInclude Include="globals.h">
      <Filter>src\iw4\game</Filter>
    </ClInclude>
    <ClInclude Include="structures.h">
      <Filter>src\iw4\game\structures</Filter>
    </ClInclude>
    <ClInclude Include="menu.h">
      <Filter>src\iw4\interface</Filter>
    </ClInclude>
    <ClInclude Include="graphics.h">
      <Filter>src\iw4\interface\render</Filter>
    </ClInclude>
    <ClInclude Include="keyboard.h">
      <Filter>src\iw4\interface\render</Filter>
    </ClInclude>
    <ClInclude Include="logging.h">
      <Filter>src\iw4\interface\render</Filter>
    </ClInclude>
    <ClInclude Include="gcm.h">
      <Filter>src\iw4\interface\render\sauce</Filter>
    </ClInclude>
    <ClInclude Include="engine.h">
      <Filter>src\iw4\interface\render\sauce</Filter>
    </ClInclude>
  </ItemGroup>
</Project>